
Microsoft Visual Studio Solution File, Format Version 12.00
# Visual Studio 14
VisualStudioVersion = 14.0.25420.1
MinimumVisualStudioVersion = 10.0.40219.1
Project("{8BC9CEB8-8B4A-11D0-8D11-00A0C91BC942}") = "Project1", "Project1\Project1.vcxproj", "{05AF2AE5-92FF-4C2D-9753-476B4F59FD35}"
EndProject
Project("{8BC9CEB8-8B4A-11D0-8D11-00A0C91BC942}") = "Project2", "Project2\Project2.vcxproj", "{27629241-47E9-431B-9409-5E54B3E25F74}"
EndProject
Project("{8BC9CEB8-8B4A-11D0-8D11-00A0C91BC942}") = "Project3", "Project3\Project3.vcxproj", "{DD137876-DEC3-4CED-9D4D-858CAEC6EE18}"
EndProject
Project("{8BC9CEB8-8B4A-11D0-8D11-00A0C91BC942}") = "Project4", "Project4\Project4.vcxproj", "{897FF932-E0F3-40D2-B169-BAA45493B360}"
EndProject
Project("{8BC9CEB8-8B4A-11D0-8D11-00A0C91BC942}") = "Project5", "Project5\Project5.vcxproj", "{9B5B006E-1F7E-4884-8738-9A58DD20EB19}"
EndProject
Project("{8BC9CEB8-8B4A-11D0-8D11-00A0C91BC942}") = "Project6", "Project6\Project6.vcxproj", "{19A686C3-FE77-45A7-A3FE-00795CD7614E}"
EndProject
Global
	GlobalSection(SolutionConfigurationPlatforms) = preSolution
		Debug|x64 = Debug|x64
		Debug|x86 = Debug|x86
		Release|x64 = Release|x64
		Release|x86 = Release|x86
	EndGlobalSection
	GlobalSection(ProjectConfigurationPlatforms) = postSolution
		{05AF2AE5-92FF-4C2D-9753-476B4F59FD35}.Debug|x64.ActiveCfg = Debug|x64
		{05AF2AE5-92FF-4C2D-9753-476B4F59FD35}.Debug|x64.Build.0 = Debug|x64
		{05AF2AE5-92FF-4C2D-9753-476B4F59FD35}.Debug|x86.ActiveCfg = Debug|Win32
		{05AF2AE5-92FF-4C2D-9753-476B4F59FD35}.Debug|x86.Build.0 = Debug|Win32
		{05AF2AE5-92FF-4C2D-9753-476B4F59FD35}.Release|x64.ActiveCfg = Release|x64
		{05AF2AE5-92FF-4C2D-9753-476B4F59FD35}.Release|x64.Build.0 = Release|x64
		{05AF2AE5-92FF-4C2D-9753-476B4F59FD35}.Release|x86.ActiveCfg = Release|Win32
		{05AF2AE5-92FF-4C2D-9753-476B4F59FD35}.Release|x86.Build.0 = Release|Win32
		{27629241-47E9-431B-9409-5E54B3E25F74}.Debug|x64.ActiveCfg = Debug|x64
		{27629241-47E9-431B-9409-5E54B3E25F74}.Debug|x64.Build.0 = Debug|x64
		{27629241-47E9-431B-9409-5E54B3E25F74}.Debug|x86.ActiveCfg = Debug|Win32
		{27629241-47E9-431B-9409-5E54B3E25F74}.Debug|x86.Build.0 = Debug|Win32
		{27629241-47E9-431B-9409-5E54B3E25F74}.Release|x64.ActiveCfg = Release|x64
		{27629241-47E9-431B-9409-5E54B3E25F74}.Release|x64.Build.0 = Release|x64
		{27629241-47E9-431B-9409-5E54B3E25F74}.Release|x86.ActiveCfg = Release|Win32
		{27629241-47E9-431B-9409-5E54B3E25F74}.Release|x86.Build.0 = Release|Win32
		{DD137876-DEC3-4CED-9D4D-858CAEC6EE18}.Debug|x64.ActiveCfg = Debug|x64
		{DD137876-DEC3-4CED-9D4D-858CAEC6EE18}.Debug|x64.Build.0 = Debug|x64
		{DD137876-DEC3-4CED-9D4D-858CAEC6EE18}.Debug|x86.ActiveCfg = Debug|Win32
		{DD137876-DEC3-4CED-9D4D-858CAEC6EE18}.Debug|x86.Build.0 = Debug|Win32
		{DD137876-DEC3-4CED-9D4D-858CAEC6EE18}.Release|x64.ActiveCfg = Release|x64
		{DD137876-DEC3-4CED-9D4D-858CAEC6EE18}.Release|x64.Build.0 = Release|x64
		{DD137876-DEC3-4CED-9D4D-858CAEC6EE18}.Release|x86.ActiveCfg = Release|Win32
		{DD137876-DEC3-4CED-9D4D-858CAEC6EE18}.Release|x86.Build.0 = Release|Win32
		{897FF932-E0F3-40D2-B169-BAA45493B360}.Debug|x64.ActiveCfg = Debug|x64
		{897FF932-E0F3-40D2-B169-BAA45493B360}.Debug|x64.Build.0 = Debug|x64
		{897FF932-E0F3-40D2-B169-BAA45493B360}.Debug|x86.ActiveCfg = Debug|Win32
		{897FF932-E0F3-40D2-B169-BAA45493B360}.Debug|x86.Build.0 = Debug|Win32
		{897FF932-E0F3-40D2-B169-BAA45493B360}.Release|x64.ActiveCfg = Release|x64
		{897FF932-E0F3-40D2-B169-BAA45493B360}.Release|x64.Build.0 = Release|x64
		{897FF932-E0F3-40D2-B169-BAA45493B360}.Release|x86.ActiveCfg = Release|Win32
		{897FF932-E0F3-40D2-B169-BAA45493B360}.Release|x86.Build.0 = Release|Win32
		{9B5B006E-1F7E-4884-8738-9A58DD20EB19}.Debug|x64.ActiveCfg = Debug|x64
		{9B5B006E-1F7E-4884-8738-9A58DD20EB19}.Debug|x64.Build.0 = Debug|x64
		{9B5B006E-1F7E-4884-8738-9A58DD20EB19}.Debug|x86.ActiveCfg = Debug|Win32
		{9B5B006E-1F7E-4884-8738-9A58DD20EB19}.Debug|x86.Build.0 = Debug|Win32
		{9B5B006E-1F7E-4884-8738-9A58DD20EB19}.Release|x64.ActiveCfg = Release|x64
		{9B5B006E-1F7E-4884-8738-9A58DD20EB19}.Release|x64.Build.0 = Release|x64
		{9B5B006E-1F7E-4884-8738-9A58DD20EB19}.Release|x86.ActiveCfg = Release|Win32
		{9B5B006E-1F7E-4884-8738-9A58DD20EB19}.Release|x86.Build.0 = Release|Win32
		{19A686C3-FE77-45A7-A3FE-00795CD7614E}.Debug|x64.ActiveCfg = Debug|x64
		{19A686C3-FE77-45A7-A3FE-00795CD7614E}.Debug|x64.Build.0 = Debug|x64
		{19A686C3-FE77-45A7-A3FE-00795CD7614E}.Debug|x86.ActiveCfg = Debug|Win32
		{19A686C3-FE77-45A7-A3FE-00795CD7614E}.Debug|x86.Build.0 = Debug|Win32
		{19A686C3-FE77-45A7-A3FE-00795CD7614E}.Release|x64.ActiveCfg = Release|x64
		{19A686C3-FE77-45A7-A3FE-00795CD7614E}.Release|x64.Build.0 = Release|x64
		{19A686C3-FE77-45A7-A3FE-00795CD7614E}.Release|x86.ActiveCfg = Release|Win32
		{19A686C3-FE77-45A7-A3FE-00795CD7614E}.Release|x86.Build.0 = Release|Win32
	EndGlobalSection
	GlobalSection(SolutionProperties) = preSolution
		HideSolutionNode = FALSE
	EndGlobalSection
EndGlobal
