
Microsoft Visual Studio Solution File, Format Version 12.00
# Visual Studio Version 16
VisualStudioVersion = 16.0.31702.278
MinimumVisualStudioVersion = 10.0.40219.1
Project("{8BC9CEB8-8B4A-11D0-8D11-00A0C91BC942}") = "Task1", "Task1\Task1.vcxproj", "{612FA13A-B1D7-440B-ACEC-344A0105B9F0}"
EndProject
Project("{8BC9CEB8-8B4A-11D0-8D11-00A0C91BC942}") = "Task2", "Task2\Task2.vcxproj", "{EE723BDB-C073-47AA-AA7A-3990631ADEC1}"
EndProject
Project("{8BC9CEB8-8B4A-11D0-8D11-00A0C91BC942}") = "Task3", "Task3\Task3.vcxproj", "{7FF5281C-2C4E-4121-8A04-33C4DA6D80A0}"
EndProject
Project("{8BC9CEB8-8B4A-11D0-8D11-00A0C91BC942}") = "Task4", "Task4\Task4.vcxproj", "{BB7624E9-E5A9-4704-A9BD-BDCBF1C40AAF}"
EndProject
Project("{8BC9CEB8-8B4A-11D0-8D11-00A0C91BC942}") = "Task5", "Task5\Task5.vcxproj", "{01B6A703-0318-4171-9F73-E1175A6AE670}"
EndProject
Project("{8BC9CEB8-8B4A-11D0-8D11-00A0C91BC942}") = "Task6", "Task6\Task6.vcxproj", "{D22F83D2-9C85-41EC-B26B-C90A2DD4C6C9}"
EndProject
Project("{8BC9CEB8-8B4A-11D0-8D11-00A0C91BC942}") = "Task7", "Task7\Task7.vcxproj", "{369DA778-913B-4EE2-A267-840D36FB290D}"
EndProject
Project("{8BC9CEB8-8B4A-11D0-8D11-00A0C91BC942}") = "Task8", "Task8\Task8.vcxproj", "{264BA5DD-FEAF-46AF-B56B-E87EBB0A305D}"
EndProject
Project("{8BC9CEB8-8B4A-11D0-8D11-00A0C91BC942}") = "Task9", "Task9\Task9.vcxproj", "{7346CA08-BE31-415C-98E3-C73C9BEBACDA}"
EndProject
Project("{8BC9CEB8-8B4A-11D0-8D11-00A0C91BC942}") = "Task10", "Task10\Task10.vcxproj", "{202F88E7-313D-4EE9-B6BD-CD4BD81B41E6}"
EndProject
Global
	GlobalSection(SolutionConfigurationPlatforms) = preSolution
		Debug|x64 = Debug|x64
		Debug|x86 = Debug|x86
		Release|x64 = Release|x64
		Release|x86 = Release|x86
	EndGlobalSection
	GlobalSection(ProjectConfigurationPlatforms) = postSolution
		{612FA13A-B1D7-440B-ACEC-344A0105B9F0}.Debug|x64.ActiveCfg = Debug|x64
		{612FA13A-B1D7-440B-ACEC-344A0105B9F0}.Debug|x64.Build.0 = Debug|x64
		{612FA13A-B1D7-440B-ACEC-344A0105B9F0}.Debug|x86.ActiveCfg = Debug|Win32
		{612FA13A-B1D7-440B-ACEC-344A0105B9F0}.Debug|x86.Build.0 = Debug|Win32
		{612FA13A-B1D7-440B-ACEC-344A0105B9F0}.Release|x64.ActiveCfg = Release|x64
		{612FA13A-B1D7-440B-ACEC-344A0105B9F0}.Release|x64.Build.0 = Release|x64
		{612FA13A-B1D7-440B-ACEC-344A0105B9F0}.Release|x86.ActiveCfg = Release|Win32
		{612FA13A-B1D7-440B-ACEC-344A0105B9F0}.Release|x86.Build.0 = Release|Win32
		{EE723BDB-C073-47AA-AA7A-3990631ADEC1}.Debug|x64.ActiveCfg = Debug|x64
		{EE723BDB-C073-47AA-AA7A-3990631ADEC1}.Debug|x64.Build.0 = Debug|x64
		{EE723BDB-C073-47AA-AA7A-3990631ADEC1}.Debug|x86.ActiveCfg = Debug|Win32
		{EE723BDB-C073-47AA-AA7A-3990631ADEC1}.Debug|x86.Build.0 = Debug|Win32
		{EE723BDB-C073-47AA-AA7A-3990631ADEC1}.Release|x64.ActiveCfg = Release|x64
		{EE723BDB-C073-47AA-AA7A-3990631ADEC1}.Release|x64.Build.0 = Release|x64
		{EE723BDB-C073-47AA-AA7A-3990631ADEC1}.Release|x86.ActiveCfg = Release|Win32
		{EE723BDB-C073-47AA-AA7A-3990631ADEC1}.Release|x86.Build.0 = Release|Win32
		{7FF5281C-2C4E-4121-8A04-33C4DA6D80A0}.Debug|x64.ActiveCfg = Debug|x64
		{7FF5281C-2C4E-4121-8A04-33C4DA6D80A0}.Debug|x64.Build.0 = Debug|x64
		{7FF5281C-2C4E-4121-8A04-33C4DA6D80A0}.Debug|x86.ActiveCfg = Debug|Win32
		{7FF5281C-2C4E-4121-8A04-33C4DA6D80A0}.Debug|x86.Build.0 = Debug|Win32
		{7FF5281C-2C4E-4121-8A04-33C4DA6D80A0}.Release|x64.ActiveCfg = Release|x64
		{7FF5281C-2C4E-4121-8A04-33C4DA6D80A0}.Release|x64.Build.0 = Release|x64
		{7FF5281C-2C4E-4121-8A04-33C4DA6D80A0}.Release|x86.ActiveCfg = Release|Win32
		{7FF5281C-2C4E-4121-8A04-33C4DA6D80A0}.Release|x86.Build.0 = Release|Win32
		{BB7624E9-E5A9-4704-A9BD-BDCBF1C40AAF}.Debug|x64.ActiveCfg = Debug|x64
		{BB7624E9-E5A9-4704-A9BD-BDCBF1C40AAF}.Debug|x64.Build.0 = Debug|x64
		{BB7624E9-E5A9-4704-A9BD-BDCBF1C40AAF}.Debug|x86.ActiveCfg = Debug|Win32
		{BB7624E9-E5A9-4704-A9BD-BDCBF1C40AAF}.Debug|x86.Build.0 = Debug|Win32
		{BB7624E9-E5A9-4704-A9BD-BDCBF1C40AAF}.Release|x64.ActiveCfg = Release|x64
		{BB7624E9-E5A9-4704-A9BD-BDCBF1C40AAF}.Release|x64.Build.0 = Release|x64
		{BB7624E9-E5A9-4704-A9BD-BDCBF1C40AAF}.Release|x86.ActiveCfg = Release|Win32
		{BB7624E9-E5A9-4704-A9BD-BDCBF1C40AAF}.Release|x86.Build.0 = Release|Win32
		{01B6A703-0318-4171-9F73-E1175A6AE670}.Debug|x64.ActiveCfg = Debug|x64
		{01B6A703-0318-4171-9F73-E1175A6AE670}.Debug|x64.Build.0 = Debug|x64
		{01B6A703-0318-4171-9F73-E1175A6AE670}.Debug|x86.ActiveCfg = Debug|Win32
		{01B6A703-0318-4171-9F73-E1175A6AE670}.Debug|x86.Build.0 = Debug|Win32
		{01B6A703-0318-4171-9F73-E1175A6AE670}.Release|x64.ActiveCfg = Release|x64
		{01B6A703-0318-4171-9F73-E1175A6AE670}.Release|x64.Build.0 = Release|x64
		{01B6A703-0318-4171-9F73-E1175A6AE670}.Release|x86.ActiveCfg = Release|Win32
		{01B6A703-0318-4171-9F73-E1175A6AE670}.Release|x86.Build.0 = Release|Win32
		{D22F83D2-9C85-41EC-B26B-C90A2DD4C6C9}.Debug|x64.ActiveCfg = Debug|x64
		{D22F83D2-9C85-41EC-B26B-C90A2DD4C6C9}.Debug|x64.Build.0 = Debug|x64
		{D22F83D2-9C85-41EC-B26B-C90A2DD4C6C9}.Debug|x86.ActiveCfg = Debug|Win32
		{D22F83D2-9C85-41EC-B26B-C90A2DD4C6C9}.Debug|x86.Build.0 = Debug|Win32
		{D22F83D2-9C85-41EC-B26B-C90A2DD4C6C9}.Release|x64.ActiveCfg = Release|x64
		{D22F83D2-9C85-41EC-B26B-C90A2DD4C6C9}.Release|x64.Build.0 = Release|x64
		{D22F83D2-9C85-41EC-B26B-C90A2DD4C6C9}.Release|x86.ActiveCfg = Release|Win32
		{D22F83D2-9C85-41EC-B26B-C90A2DD4C6C9}.Release|x86.Build.0 = Release|Win32
		{369DA778-913B-4EE2-A267-840D36FB290D}.Debug|x64.ActiveCfg = Debug|x64
		{369DA778-913B-4EE2-A267-840D36FB290D}.Debug|x64.Build.0 = Debug|x64
		{369DA778-913B-4EE2-A267-840D36FB290D}.Debug|x86.ActiveCfg = Debug|Win32
		{369DA778-913B-4EE2-A267-840D36FB290D}.Debug|x86.Build.0 = Debug|Win32
		{369DA778-913B-4EE2-A267-840D36FB290D}.Release|x64.ActiveCfg = Release|x64
		{369DA778-913B-4EE2-A267-840D36FB290D}.Release|x64.Build.0 = Release|x64
		{369DA778-913B-4EE2-A267-840D36FB290D}.Release|x86.ActiveCfg = Release|Win32
		{369DA778-913B-4EE2-A267-840D36FB290D}.Release|x86.Build.0 = Release|Win32
		{264BA5DD-FEAF-46AF-B56B-E87EBB0A305D}.Debug|x64.ActiveCfg = Debug|x64
		{264BA5DD-FEAF-46AF-B56B-E87EBB0A305D}.Debug|x64.Build.0 = Debug|x64
		{264BA5DD-FEAF-46AF-B56B-E87EBB0A305D}.Debug|x86.ActiveCfg = Debug|Win32
		{264BA5DD-FEAF-46AF-B56B-E87EBB0A305D}.Debug|x86.Build.0 = Debug|Win32
		{264BA5DD-FEAF-46AF-B56B-E87EBB0A305D}.Release|x64.ActiveCfg = Release|x64
		{264BA5DD-FEAF-46AF-B56B-E87EBB0A305D}.Release|x64.Build.0 = Release|x64
		{264BA5DD-FEAF-46AF-B56B-E87EBB0A305D}.Release|x86.ActiveCfg = Release|Win32
		{264BA5DD-FEAF-46AF-B56B-E87EBB0A305D}.Release|x86.Build.0 = Release|Win32
		{7346CA08-BE31-415C-98E3-C73C9BEBACDA}.Debug|x64.ActiveCfg = Debug|x64
		{7346CA08-BE31-415C-98E3-C73C9BEBACDA}.Debug|x64.Build.0 = Debug|x64
		{7346CA08-BE31-415C-98E3-C73C9BEBACDA}.Debug|x86.ActiveCfg = Debug|Win32
		{7346CA08-BE31-415C-98E3-C73C9BEBACDA}.Debug|x86.Build.0 = Debug|Win32
		{7346CA08-BE31-415C-98E3-C73C9BEBACDA}.Release|x64.ActiveCfg = Release|x64
		{7346CA08-BE31-415C-98E3-C73C9BEBACDA}.Release|x64.Build.0 = Release|x64
		{7346CA08-BE31-415C-98E3-C73C9BEBACDA}.Release|x86.ActiveCfg = Release|Win32
		{7346CA08-BE31-415C-98E3-C73C9BEBACDA}.Release|x86.Build.0 = Release|Win32
		{202F88E7-313D-4EE9-B6BD-CD4BD81B41E6}.Debug|x64.ActiveCfg = Debug|x64
		{202F88E7-313D-4EE9-B6BD-CD4BD81B41E6}.Debug|x64.Build.0 = Debug|x64
		{202F88E7-313D-4EE9-B6BD-CD4BD81B41E6}.Debug|x86.ActiveCfg = Debug|Win32
		{202F88E7-313D-4EE9-B6BD-CD4BD81B41E6}.Debug|x86.Build.0 = Debug|Win32
		{202F88E7-313D-4EE9-B6BD-CD4BD81B41E6}.Release|x64.ActiveCfg = Release|x64
		{202F88E7-313D-4EE9-B6BD-CD4BD81B41E6}.Release|x64.Build.0 = Release|x64
		{202F88E7-313D-4EE9-B6BD-CD4BD81B41E6}.Release|x86.ActiveCfg = Release|Win32
		{202F88E7-313D-4EE9-B6BD-CD4BD81B41E6}.Release|x86.Build.0 = Release|Win32
	EndGlobalSection
	GlobalSection(SolutionProperties) = preSolution
		HideSolutionNode = FALSE
	EndGlobalSection
	GlobalSection(ExtensibilityGlobals) = postSolution
		SolutionGuid = {D6D9752B-576E-4B65-B4C9-C98560A5B357}
	EndGlobalSection
EndGlobal
