
Microsoft Visual Studio Solution File, Format Version 12.00
# Visual Studio Version 16
VisualStudioVersion = 16.0.31702.278
MinimumVisualStudioVersion = 10.0.40219.1
Project("{8BC9CEB8-8B4A-11D0-8D11-00A0C91BC942}") = "1", "1\1.vcxproj", "{820F7489-DE9D-465B-B411-3FFDE0B229C5}"
EndProject
Project("{8BC9CEB8-8B4A-11D0-8D11-00A0C91BC942}") = "2", "2\2.vcxproj", "{27D28BC5-32E7-44EF-BDA6-29D4F410AFFA}"
EndProject
Project("{8BC9CEB8-8B4A-11D0-8D11-00A0C91BC942}") = "3", "3\3.vcxproj", "{4BD6C4CE-1EF2-4B82-A562-FF54EB8D54E1}"
EndProject
Project("{8BC9CEB8-8B4A-11D0-8D11-00A0C91BC942}") = "4", "4\4.vcxproj", "{461180D1-907B-46F7-B1D5-6DB64D3B346C}"
EndProject
Project("{8BC9CEB8-8B4A-11D0-8D11-00A0C91BC942}") = "5", "5\5.vcxproj", "{90EDFE1F-3FC8-4889-BE55-D619B8DCCF9A}"
EndProject
Project("{8BC9CEB8-8B4A-11D0-8D11-00A0C91BC942}") = "6", "6\6.vcxproj", "{E800D431-0B51-4F89-B9C9-E495D2A686CD}"
EndProject
Project("{8BC9CEB8-8B4A-11D0-8D11-00A0C91BC942}") = "7", "7\7.vcxproj", "{B52EA859-2F05-4823-AAF3-78EE771EC067}"
EndProject
Project("{8BC9CEB8-8B4A-11D0-8D11-00A0C91BC942}") = "8", "8\8.vcxproj", "{EECA67CE-B3CF-41E3-A618-7BD59B84BF55}"
EndProject
Project("{8BC9CEB8-8B4A-11D0-8D11-00A0C91BC942}") = "9", "9\9.vcxproj", "{A9A16163-4861-4AC5-8E3A-1106952B83D3}"
EndProject
Global
	GlobalSection(SolutionConfigurationPlatforms) = preSolution
		Debug|x64 = Debug|x64
		Debug|x86 = Debug|x86
		Release|x64 = Release|x64
		Release|x86 = Release|x86
	EndGlobalSection
	GlobalSection(ProjectConfigurationPlatforms) = postSolution
		{820F7489-DE9D-465B-B411-3FFDE0B229C5}.Debug|x64.ActiveCfg = Debug|x64
		{820F7489-DE9D-465B-B411-3FFDE0B229C5}.Debug|x64.Build.0 = Debug|x64
		{820F7489-DE9D-465B-B411-3FFDE0B229C5}.Debug|x86.ActiveCfg = Debug|Win32
		{820F7489-DE9D-465B-B411-3FFDE0B229C5}.Debug|x86.Build.0 = Debug|Win32
		{820F7489-DE9D-465B-B411-3FFDE0B229C5}.Release|x64.ActiveCfg = Release|x64
		{820F7489-DE9D-465B-B411-3FFDE0B229C5}.Release|x64.Build.0 = Release|x64
		{820F7489-DE9D-465B-B411-3FFDE0B229C5}.Release|x86.ActiveCfg = Release|Win32
		{820F7489-DE9D-465B-B411-3FFDE0B229C5}.Release|x86.Build.0 = Release|Win32
		{27D28BC5-32E7-44EF-BDA6-29D4F410AFFA}.Debug|x64.ActiveCfg = Debug|x64
		{27D28BC5-32E7-44EF-BDA6-29D4F410AFFA}.Debug|x64.Build.0 = Debug|x64
		{27D28BC5-32E7-44EF-BDA6-29D4F410AFFA}.Debug|x86.ActiveCfg = Debug|Win32
		{27D28BC5-32E7-44EF-BDA6-29D4F410AFFA}.Debug|x86.Build.0 = Debug|Win32
		{27D28BC5-32E7-44EF-BDA6-29D4F410AFFA}.Release|x64.ActiveCfg = Release|x64
		{27D28BC5-32E7-44EF-BDA6-29D4F410AFFA}.Release|x64.Build.0 = Release|x64
		{27D28BC5-32E7-44EF-BDA6-29D4F410AFFA}.Release|x86.ActiveCfg = Release|Win32
		{27D28BC5-32E7-44EF-BDA6-29D4F410AFFA}.Release|x86.Build.0 = Release|Win32
		{4BD6C4CE-1EF2-4B82-A562-FF54EB8D54E1}.Debug|x64.ActiveCfg = Debug|x64
		{4BD6C4CE-1EF2-4B82-A562-FF54EB8D54E1}.Debug|x64.Build.0 = Debug|x64
		{4BD6C4CE-1EF2-4B82-A562-FF54EB8D54E1}.Debug|x86.ActiveCfg = Debug|Win32
		{4BD6C4CE-1EF2-4B82-A562-FF54EB8D54E1}.Debug|x86.Build.0 = Debug|Win32
		{4BD6C4CE-1EF2-4B82-A562-FF54EB8D54E1}.Release|x64.ActiveCfg = Release|x64
		{4BD6C4CE-1EF2-4B82-A562-FF54EB8D54E1}.Release|x64.Build.0 = Release|x64
		{4BD6C4CE-1EF2-4B82-A562-FF54EB8D54E1}.Release|x86.ActiveCfg = Release|Win32
		{4BD6C4CE-1EF2-4B82-A562-FF54EB8D54E1}.Release|x86.Build.0 = Release|Win32
		{461180D1-907B-46F7-B1D5-6DB64D3B346C}.Debug|x64.ActiveCfg = Debug|x64
		{461180D1-907B-46F7-B1D5-6DB64D3B346C}.Debug|x64.Build.0 = Debug|x64
		{461180D1-907B-46F7-B1D5-6DB64D3B346C}.Debug|x86.ActiveCfg = Debug|Win32
		{461180D1-907B-46F7-B1D5-6DB64D3B346C}.Debug|x86.Build.0 = Debug|Win32
		{461180D1-907B-46F7-B1D5-6DB64D3B346C}.Release|x64.ActiveCfg = Release|x64
		{461180D1-907B-46F7-B1D5-6DB64D3B346C}.Release|x64.Build.0 = Release|x64
		{461180D1-907B-46F7-B1D5-6DB64D3B346C}.Release|x86.ActiveCfg = Release|Win32
		{461180D1-907B-46F7-B1D5-6DB64D3B346C}.Release|x86.Build.0 = Release|Win32
		{90EDFE1F-3FC8-4889-BE55-D619B8DCCF9A}.Debug|x64.ActiveCfg = Debug|x64
		{90EDFE1F-3FC8-4889-BE55-D619B8DCCF9A}.Debug|x64.Build.0 = Debug|x64
		{90EDFE1F-3FC8-4889-BE55-D619B8DCCF9A}.Debug|x86.ActiveCfg = Debug|Win32
		{90EDFE1F-3FC8-4889-BE55-D619B8DCCF9A}.Debug|x86.Build.0 = Debug|Win32
		{90EDFE1F-3FC8-4889-BE55-D619B8DCCF9A}.Release|x64.ActiveCfg = Release|x64
		{90EDFE1F-3FC8-4889-BE55-D619B8DCCF9A}.Release|x64.Build.0 = Release|x64
		{90EDFE1F-3FC8-4889-BE55-D619B8DCCF9A}.Release|x86.ActiveCfg = Release|Win32
		{90EDFE1F-3FC8-4889-BE55-D619B8DCCF9A}.Release|x86.Build.0 = Release|Win32
		{E800D431-0B51-4F89-B9C9-E495D2A686CD}.Debug|x64.ActiveCfg = Debug|x64
		{E800D431-0B51-4F89-B9C9-E495D2A686CD}.Debug|x64.Build.0 = Debug|x64
		{E800D431-0B51-4F89-B9C9-E495D2A686CD}.Debug|x86.ActiveCfg = Debug|Win32
		{E800D431-0B51-4F89-B9C9-E495D2A686CD}.Debug|x86.Build.0 = Debug|Win32
		{E800D431-0B51-4F89-B9C9-E495D2A686CD}.Release|x64.ActiveCfg = Release|x64
		{E800D431-0B51-4F89-B9C9-E495D2A686CD}.Release|x64.Build.0 = Release|x64
		{E800D431-0B51-4F89-B9C9-E495D2A686CD}.Release|x86.ActiveCfg = Release|Win32
		{E800D431-0B51-4F89-B9C9-E495D2A686CD}.Release|x86.Build.0 = Release|Win32
		{B52EA859-2F05-4823-AAF3-78EE771EC067}.Debug|x64.ActiveCfg = Debug|x64
		{B52EA859-2F05-4823-AAF3-78EE771EC067}.Debug|x64.Build.0 = Debug|x64
		{B52EA859-2F05-4823-AAF3-78EE771EC067}.Debug|x86.ActiveCfg = Debug|Win32
		{B52EA859-2F05-4823-AAF3-78EE771EC067}.Debug|x86.Build.0 = Debug|Win32
		{B52EA859-2F05-4823-AAF3-78EE771EC067}.Release|x64.ActiveCfg = Release|x64
		{B52EA859-2F05-4823-AAF3-78EE771EC067}.Release|x64.Build.0 = Release|x64
		{B52EA859-2F05-4823-AAF3-78EE771EC067}.Release|x86.ActiveCfg = Release|Win32
		{B52EA859-2F05-4823-AAF3-78EE771EC067}.Release|x86.Build.0 = Release|Win32
		{EECA67CE-B3CF-41E3-A618-7BD59B84BF55}.Debug|x64.ActiveCfg = Debug|x64
		{EECA67CE-B3CF-41E3-A618-7BD59B84BF55}.Debug|x64.Build.0 = Debug|x64
		{EECA67CE-B3CF-41E3-A618-7BD59B84BF55}.Debug|x86.ActiveCfg = Debug|Win32
		{EECA67CE-B3CF-41E3-A618-7BD59B84BF55}.Debug|x86.Build.0 = Debug|Win32
		{EECA67CE-B3CF-41E3-A618-7BD59B84BF55}.Release|x64.ActiveCfg = Release|x64
		{EECA67CE-B3CF-41E3-A618-7BD59B84BF55}.Release|x64.Build.0 = Release|x64
		{EECA67CE-B3CF-41E3-A618-7BD59B84BF55}.Release|x86.ActiveCfg = Release|Win32
		{EECA67CE-B3CF-41E3-A618-7BD59B84BF55}.Release|x86.Build.0 = Release|Win32
		{A9A16163-4861-4AC5-8E3A-1106952B83D3}.Debug|x64.ActiveCfg = Debug|x64
		{A9A16163-4861-4AC5-8E3A-1106952B83D3}.Debug|x64.Build.0 = Debug|x64
		{A9A16163-4861-4AC5-8E3A-1106952B83D3}.Debug|x86.ActiveCfg = Debug|Win32
		{A9A16163-4861-4AC5-8E3A-1106952B83D3}.Debug|x86.Build.0 = Debug|Win32
		{A9A16163-4861-4AC5-8E3A-1106952B83D3}.Release|x64.ActiveCfg = Release|x64
		{A9A16163-4861-4AC5-8E3A-1106952B83D3}.Release|x64.Build.0 = Release|x64
		{A9A16163-4861-4AC5-8E3A-1106952B83D3}.Release|x86.ActiveCfg = Release|Win32
		{A9A16163-4861-4AC5-8E3A-1106952B83D3}.Release|x86.Build.0 = Release|Win32
	EndGlobalSection
	GlobalSection(SolutionProperties) = preSolution
		HideSolutionNode = FALSE
	EndGlobalSection
	GlobalSection(ExtensibilityGlobals) = postSolution
		SolutionGuid = {97577A78-01C5-401F-B51A-7500A148CF55}
	EndGlobalSection
EndGlobal
